<?xml version="1.0" encoding="utf-8"?>
<Project ToolsVersion="4.0" xmlns="http://schemas.microsoft.com/developer/msbuild/2003">
  <ItemGroup>
    <Filter Include="VS">
      <UniqueIdentifier>{fac6b68c-985c-480d-972a-6e742fe44b6d}</UniqueIdentifier>
    </Filter>
    <Filter Include="PS">
      <UniqueIdentifier>{a17e4823-7936-4f3c-b006-24656ae91add}</UniqueIdentifier>
    </Filter>
  </ItemGroup>
  <ItemGroup>
    <FxCompile Include="$(MSBuildThisFileDirectory)TriangleVS.hlsl">
      <Filter>VS</Filter>
    </FxCompile>
    <FxCompile Include="$(MSBuildThisFileDirectory)TrianglePS.hlsl">
      <Filter>PS</Filter>
    </FxCompile>
    <FxCompile Include="$(MSBuildThisFileDirectory)SpritePS.hlsl">
      <Filter>PS</Filter>
    </FxCompile>
    <FxCompile Include="$(MSBuildThisFileDirectory)SpriteVS.hlsl">
      <Filter>VS</Filter>
    </FxCompile>
  </ItemGroup>
</Project>